
Microsoft Visual Studio Solution File, Format Version 12.00
# Visual Studio 14
VisualStudioVersion = 14.0.25420.1
MinimumVisualStudioVersion = 10.0.40219.1
Project("{8BC9CEB8-8B4A-11D0-8D11-00A0C91BC942}") = "Actor1", "Actor1\Actor1.vcxproj", "{4EC7B0F5-3146-498C-ACBA-FDD93566AD2E}"
EndProject
Project("{8BC9CEB8-8B4A-11D0-8D11-00A0C91BC942}") = "Actor2", "Actor2\Actor2.vcxproj", "{15673315-8744-45A8-AB9D-9500C5AF2D56}"
EndProject
Project("{8BC9CEB8-8B4A-11D0-8D11-00A0C91BC942}") = "Actor3", "Actor3\Actor3.vcxproj", "{75972067-EF5E-4C41-87B2-69E66CFFE4F6}"
EndProject
Global
	GlobalSection(SolutionConfigurationPlatforms) = preSolution
		Debug|x64 = Debug|x64
		Debug|x86 = Debug|x86
		Release|x64 = Release|x64
		Release|x86 = Release|x86
	EndGlobalSection
	GlobalSection(ProjectConfigurationPlatforms) = postSolution
		{4EC7B0F5-3146-498C-ACBA-FDD93566AD2E}.Debug|x64.ActiveCfg = Debug|x64
		{4EC7B0F5-3146-498C-ACBA-FDD93566AD2E}.Debug|x64.Build.0 = Debug|x64
		{4EC7B0F5-3146-498C-ACBA-FDD93566AD2E}.Debug|x86.ActiveCfg = Debug|Win32
		{4EC7B0F5-3146-498C-ACBA-FDD93566AD2E}.Debug|x86.Build.0 = Debug|Win32
		{4EC7B0F5-3146-498C-ACBA-FDD93566AD2E}.Release|x64.ActiveCfg = Release|x64
		{4EC7B0F5-3146-498C-ACBA-FDD93566AD2E}.Release|x64.Build.0 = Release|x64
		{4EC7B0F5-3146-498C-ACBA-FDD93566AD2E}.Release|x86.ActiveCfg = Release|Win32
		{4EC7B0F5-3146-498C-ACBA-FDD93566AD2E}.Release|x86.Build.0 = Release|Win32
		{15673315-8744-45A8-AB9D-9500C5AF2D56}.Debug|x64.ActiveCfg = Debug|x64
		{15673315-8744-45A8-AB9D-9500C5AF2D56}.Debug|x64.Build.0 = Debug|x64
		{15673315-8744-45A8-AB9D-9500C5AF2D56}.Debug|x86.ActiveCfg = Debug|Win32
		{15673315-8744-45A8-AB9D-9500C5AF2D56}.Debug|x86.Build.0 = Debug|Win32
		{15673315-8744-45A8-AB9D-9500C5AF2D56}.Release|x64.ActiveCfg = Release|x64
		{15673315-8744-45A8-AB9D-9500C5AF2D56}.Release|x64.Build.0 = Release|x64
		{15673315-8744-45A8-AB9D-9500C5AF2D56}.Release|x86.ActiveCfg = Release|Win32
		{15673315-8744-45A8-AB9D-9500C5AF2D56}.Release|x86.Build.0 = Release|Win32
		{75972067-EF5E-4C41-87B2-69E66CFFE4F6}.Debug|x64.ActiveCfg = Debug|x64
		{75972067-EF5E-4C41-87B2-69E66CFFE4F6}.Debug|x64.Build.0 = Debug|x64
		{75972067-EF5E-4C41-87B2-69E66CFFE4F6}.Debug|x86.ActiveCfg = Debug|Win32
		{75972067-EF5E-4C41-87B2-69E66CFFE4F6}.Debug|x86.Build.0 = Debug|Win32
		{75972067-EF5E-4C41-87B2-69E66CFFE4F6}.Release|x64.ActiveCfg = Release|x64
		{75972067-EF5E-4C41-87B2-69E66CFFE4F6}.Release|x64.Build.0 = Release|x64
		{75972067-EF5E-4C41-87B2-69E66CFFE4F6}.Release|x86.ActiveCfg = Release|Win32
		{75972067-EF5E-4C41-87B2-69E66CFFE4F6}.Release|x86.Build.0 = Release|Win32
	EndGlobalSection
	GlobalSection(SolutionProperties) = preSolution
		HideSolutionNode = FALSE
	EndGlobalSection
EndGlobal
